# This file is autogenerated, do not edit; changes may be undone by the next 'dep ensure'.


[[projects]]
  name = "cloud.google.com/go"
  packages = [
    "compute/metadata",
    "internal",
    "storage"
  ]
  revision = "ad5712971bbdaf7fdc85f9b6ab1bce82eadc9119"

[[projects]]
  name = "github.com/Azure/azure-sdk-for-go"
  packages = ["storage"]
  revision = "63d3f3e3b12ffb726ba3f72fef1aa8c1c7cd1012"

[[projects]]
  name = "github.com/Azure/go-ansiterm"
  packages = [
    ".",
    "winterm"
  ]
  revision = "70b2c90b260171e829f1ebd7c17f600c11858dbe"

[[projects]]
  branch = "datetimes"
  name = "github.com/BurntSushi/toml"
  packages = ["."]
  revision = "f0aeabca5a127c4078abb8c8d64298b147264b55"

[[projects]]
  branch = "2.x"
  name = "github.com/Masterminds/semver"
  packages = ["."]
  revision = "c2e7f6c2f49a1613362aa774884c17e395dd85b7"

[[projects]]
  name = "github.com/Masterminds/vcs"
  packages = ["."]
  revision = "6f1c6d150500e452704e9863f68c2559f58616bf"
  version = "v1.12.0"

[[projects]]
  name = "github.com/Sirupsen/logrus"
  packages = ["."]
  revision = "5701be89e7d3cdcbc48504241b9c66ef085f759d"
  version = "v0.8.6"

[[projects]]
  name = "github.com/armon/go-metrics"
  packages = ["."]
  revision = "b2d95e5291cdbc26997d1301a5e467ecbb240e25"

[[projects]]
  branch = "master"
  name = "github.com/armon/go-radix"
  packages = ["."]
  revision = "1fca145dffbcaa8fe914309b1ec0cfc67500fe61"

[[projects]]
  name = "github.com/aws/aws-sdk-go"
  packages = [
    "aws",
    "aws/awserr",
    "aws/awsutil",
    "aws/client",
    "aws/client/metadata",
    "aws/corehandlers",
    "aws/credentials",
    "aws/credentials/ec2rolecreds",
    "aws/credentials/endpointcreds",
    "aws/credentials/stscreds",
    "aws/defaults",
    "aws/ec2metadata",
    "aws/endpoints",
    "aws/request",
    "aws/session",
    "aws/signer/v4",
    "internal/shareddefaults",
    "private/protocol",
    "private/protocol/query",
    "private/protocol/query/queryutil",
    "private/protocol/rest",
    "private/protocol/restxml",
    "private/protocol/xml/xmlutil",
    "service/s3",
    "service/s3/s3iface",
    "service/s3/s3manager",
    "service/sts"
  ]
  revision = "2063d937ea693f6f5c8b213906785ff9e36ba0b6"

[[projects]]
  name = "github.com/boltdb/bolt"
  packages = ["."]
  revision = "6e1ca38c6a73025366cd8705553b404746ee6e63"

[[projects]]
  name = "github.com/cheggaaa/pb"
  packages = ["."]
  revision = "0464652af750701d218b6dd035f0217e407caf2d"

[[projects]]
  name = "github.com/coreos/go-systemd"
  packages = [
    "dbus",
    "util"
  ]
  revision = "b32b8467dbea18858bfebf65c1a6a761090f2c31"
  version = "v10"

[[projects]]
  name = "github.com/coreos/pkg"
  packages = ["dlopen"]
  revision = "a48e304ff9331be6d5df352b6b47bd1395ab5dd7"

[[projects]]
  branch = "master"
  name = "github.com/cupcake/jsonschema"
  packages = ["."]
  revision = "51bf6945446b931e0f902e65a74e8bae7f794d95"

[[projects]]
  name = "github.com/dgryski/go-skip32"
  packages = ["."]
  revision = "6cc5a8b574de3ed084314996231c03b5dd21d8c6"

[[projects]]
  name = "github.com/docker/distribution"
  packages = [
    ".",
    "configuration",
    "context",
    "digest",
    "health",
    "manifest",
    "notifications",
    "registry/api/errcode",
    "registry/api/v2",
    "registry/auth",
    "registry/client",
    "registry/client/auth",
    "registry/client/transport",
    "registry/handlers",
    "registry/middleware/registry",
    "registry/middleware/repository",
    "registry/proxy",
    "registry/proxy/scheduler",
    "registry/storage",
    "registry/storage/cache",
    "registry/storage/cache/memory",
    "registry/storage/cache/redis",
    "registry/storage/driver",
    "registry/storage/driver/base",
    "registry/storage/driver/factory",
    "registry/storage/driver/middleware",
    "uuid"
  ]
  revision = "6ba799b69ed19ebc0c8ef8325ccaf5d105facfc5"

[[projects]]
  branch = "master"
  name = "github.com/docker/docker"
  packages = [
    "api/types",
    "autogen/dockerversion",
    "cliconfig",
    "daemon/events",
    "daemon/graphdriver",
    "daemon/graphdriver/aufs",
    "daemon/network",
    "errors",
    "graph",
    "graph/tags",
    "image",
    "opts",
    "pkg/archive",
    "pkg/broadcaster",
    "pkg/chrootarchive",
    "pkg/directory",
    "pkg/fileutils",
    "pkg/homedir",
    "pkg/httputils",
    "pkg/idtools",
    "pkg/ioutils",
    "pkg/jsonmessage",
    "pkg/listenbuffer",
    "pkg/longpath",
    "pkg/mflag",
    "pkg/mount",
    "pkg/nat",
    "pkg/parsers",
    "pkg/parsers/filters",
    "pkg/parsers/kernel",
    "pkg/plugins",
    "pkg/pools",
    "pkg/progressreader",
    "pkg/promise",
    "pkg/pubsub",
    "pkg/random",
    "pkg/reexec",
    "pkg/signal",
    "pkg/sockets",
    "pkg/streamformatter",
    "pkg/stringid",
    "pkg/stringutils",
    "pkg/symlink",
    "pkg/system",
    "pkg/tarsum",
    "pkg/term",
    "pkg/term/windows",
    "pkg/timeutils",
    "pkg/tlsconfig",
    "pkg/truncindex",
    "pkg/ulimit",
    "pkg/units",
    "pkg/urlutil",
    "pkg/useragent",
    "pkg/version",
    "registry",
    "runconfig",
    "utils",
    "volume"
  ]
  revision = "c617ca8eb9b323f6fac686a5fe4179ab2dea7d85"
  source = "github.com/flynn-archive/docker"

[[projects]]
  name = "github.com/docker/go-units"
  packages = ["."]
  revision = "5d2041e26a699eaca682e2ea41c8f891e1060444"
  version = "v0.3.0"

[[projects]]
  name = "github.com/docker/libnetwork"
  packages = [
    "ipallocator",
    "netutils",
    "types"
  ]
  revision = "e57c67d6bf5709b38ddb9cf9e10d1d1417e94712"

[[projects]]
  name = "github.com/docker/libtrust"
  packages = ["."]
  revision = "c54fbb67c1f1e68d7d6f8d2ad7c9360404616a41"

[[projects]]
  branch = "master"
  name = "github.com/dustin/go-humanize"
  packages = ["."]
  revision = "bb3d318650d48840a39aa21a027c6630e198e626"

[[projects]]
  branch = "v1"
  name = "github.com/flynn/go-check"
  packages = ["."]
  revision = "5921220213810f304c0c78585f88f59287e58492"

[[projects]]
  branch = "master"
  name = "github.com/flynn/go-docopt"
  packages = ["."]
  revision = "f6dd2ebbb31e9721c860cf1faf5c944aa73e3844"

[[projects]]
  branch = "master"
  name = "github.com/flynn/go-p9p"
  packages = [
    ".",
    "ufs"
  ]
  revision = "42f7901ca21a2449fe239b33d84fdf916b8ea859"

[[projects]]
  branch = "master"
  name = "github.com/flynn/go-tuf"
  packages = [
    ".",
    "client",
    "cmd/tuf",
    "cmd/tuf-client",
    "data",
    "encrypted",
    "sign",
    "util",
    "verify"
  ]
  revision = "a98aea1463c972506e302344ebbfa30f85b74f2f"

[[projects]]
  branch = "master"
  name = "github.com/flynn/que-go"
  packages = ["."]
  revision = "737f00726577c26beb71037b273e79a65b354c85"

[[projects]]
  branch = "master"
  name = "github.com/flynn/tail"
  packages = [
    ".",
    "ratelimiter",
    "util",
    "watch",
    "winfile"
  ]
  revision = "fc12669dc6604eb618f67537377f7d6fb5ec1791"

[[projects]]
  name = "github.com/garyburd/redigo"
  packages = [
    "internal",
    "redis"
  ]
  revision = "836b6e58b3358112c8291565d01c35b8764070d7"

[[projects]]
  name = "github.com/go-ini/ini"
  packages = ["."]
  revision = "72ba3e6b9e6b87e0c74c9a7a4dc86e8dd8ba4355"
  version = "v1.12.0"

[[projects]]
  name = "github.com/go-sql-driver/mysql"
  packages = ["."]
  revision = "7c7f556282622f94213bc028b4d0a7b6151ba239"

[[projects]]
  name = "github.com/go-stack/stack"
  packages = ["."]
  revision = "259ab82a6cad3992b4e21ff5cac294ccb06474bc"
  version = "v1.7.0"

[[projects]]
  name = "github.com/go-yaml/yaml"
  packages = ["."]
  revision = "7f97868eec74b32b0982dd158a51a446d1da7eb5"
  version = "v2.1.1"

[[projects]]
  name = "github.com/godbus/dbus"
  packages = ["."]
  revision = "32c6cc29c14570de4cf6d7e7737d68fb2d01ad15"

[[projects]]
  name = "github.com/golang/dep"
  packages = [
    ".",
    "cmd/dep",
    "internal/feedback",
    "internal/fs",
    "internal/gps",
    "internal/gps/paths",
    "internal/gps/pkgtree"
  ]
  revision = "7a91b794bbfbf1f3b8b79823799316451127801b"
  version = "v0.3.0"

[[projects]]
  name = "github.com/golang/glog"
  packages = ["."]
  revision = "fca8c8854093a154ff1eb580aae10276ad6b1b5f"

[[projects]]
  name = "github.com/golang/groupcache"
  packages = ["singleflight"]
  revision = "a6b377e3400b08991b80d6805d627f347f983866"

[[projects]]
  name = "github.com/golang/protobuf"
  packages = ["proto"]
  revision = "78b168c14fc28c8c711844d210f7ab845083e3b1"

[[projects]]
  name = "github.com/gorilla/context"
  packages = ["."]
  revision = "14f550f51af52180c2eefed15e5fd18d63c0a64a"

[[projects]]
  name = "github.com/gorilla/handlers"
  packages = ["."]
  revision = "66e6c6f01d8da976ee113437745ca029c2b585a6"

[[projects]]
  name = "github.com/gorilla/mux"
  packages = ["."]
  revision = "e444e69cbd2e2e3e0749a2f3c717cec491552bbf"

[[projects]]
  name = "github.com/gorilla/securecookie"
  packages = ["."]
  revision = "1b0c7f6e9ab3d7f500fd7d50c7ad835ff428139b"

[[projects]]
  name = "github.com/gorilla/sessions"
  packages = ["."]
  revision = "aa5e036e6c44aec69a32eb41097001978b29ad31"

[[projects]]
  branch = "master"
  name = "github.com/hashicorp/go-msgpack"
  packages = ["codec"]
  revision = "fa3f63826f7c23912c15263591e65d54d080b458"

[[projects]]
  name = "github.com/hashicorp/raft"
  packages = ["."]
  revision = "4bcac2adb06930200744feb591fee8a0790f9c98"

[[projects]]
  name = "github.com/hashicorp/raft-boltdb"
  packages = ["."]
  revision = "d1e82c1ec3f15ee991f7cc7ffd5b67ff6f5bbaee"

[[projects]]
  name = "github.com/howeyc/fsnotify"
  packages = ["."]
  revision = "6b1ef893dc11e0447abda6da20a5203481878dda"

[[projects]]
  name = "github.com/inconshreveable/log15"
  packages = ["."]
  revision = "0decfc6c20d9ca0ad143b0e89dcaa20f810b4fb3"
  version = "v2.13"

[[projects]]
  name = "github.com/jackc/pgx"
  packages = ["."]
  revision = "558d5550cf5c08e7192eb2eb8635f21f4b700ff5"

[[projects]]
  name = "github.com/jmespath/go-jmespath"
  packages = ["."]
  revision = "0b12d6b521d83fc7f755e7cfc1b1fbdd35a01a74"

[[projects]]
  name = "github.com/jtacoma/uritemplates"
  packages = ["."]
  revision = "307ae868f90f4ee1b73ebe4596e0394237dacce8"
  version = "v1.0.0"

[[projects]]
  name = "github.com/jteeuwen/go-bindata"
  packages = [
    ".",
    "go-bindata"
  ]
  revision = "bfe36d3254337b7cc18024805dfab2106613abdf"

[[projects]]
  name = "github.com/julienschmidt/httprouter"
  packages = ["."]
  revision = "46807412fe50aaceb73bb57061c2230fd26a1640"

[[projects]]
  name = "github.com/jvatic/asset-matrix-go"
  packages = ["."]
  revision = "2cb2227cdc3d81cfae144cfc1c5b50e0e407da8f"

[[projects]]
  name = "github.com/kardianos/osext"
  packages = ["."]
  revision = "ccfcd0245381f0c94c68f50626665eed3c6b726a"

[[projects]]
  name = "github.com/kr/binarydist"
  packages = ["."]
  revision = "9955b0ab8708602d411341e55fffd7e0700f86bd"

[[projects]]
  name = "github.com/kr/pty"
  packages = ["."]
  revision = "3b1f6487b7fc649d5f146df04e623bd55ba1bf7f"

[[projects]]
  name = "github.com/kylelemons/godebug"
  packages = [
    "diff",
    "pretty"
  ]
  revision = "808ac284003ce2b08ef590da08f95379e8a06936"

[[projects]]
  name = "github.com/mattn/go-colorable"
  packages = ["."]
  revision = "043ae16291351db8465272edf465c9f388161627"

[[projects]]
  name = "github.com/mattn/go-isatty"
  packages = ["."]
  revision = "56b76bdf51f7708750eac80fa38b952bb9f32639"

[[projects]]
  name = "github.com/miekg/dns"
  packages = ["."]
  revision = "db96a2b759cdef4f11a34506a42eb8d1290c598e"

[[projects]]
  name = "github.com/minio/minio-go"
  packages = [
    ".",
    "pkg/policy",
    "pkg/s3signer",
    "pkg/s3utils",
    "pkg/set"
  ]
  revision = "29b05151452ac74ee9b46c93c2200f8b57331e24"

[[projects]]
  name = "github.com/mistifyio/go-zfs"
  packages = ["."]
  revision = "dda1f4cd04dc1fdc319970bf6f3f5d6f91b2465f"

[[projects]]
  name = "github.com/mitchellh/go-homedir"
  packages = ["."]
  revision = "7d2d8c8a4e078ce3c58736ab521a40b37a504c52"

[[projects]]
  branch = "master"
  name = "github.com/nightlyone/lockfile"
  packages = ["."]
  revision = "6a197d5ea61168f2ac821de2b7f011b250904900"

[[projects]]
  name = "github.com/olekukonko/ts"
  packages = ["."]
  revision = "ecf753e7c962639ab5a1fb46f7da627d4c0a04b8"

[[projects]]
  name = "github.com/opencontainers/runc"
  packages = [
    "libcontainer",
    "libcontainer/apparmor",
    "libcontainer/cgroups",
    "libcontainer/cgroups/fs",
    "libcontainer/cgroups/systemd",
    "libcontainer/configs",
    "libcontainer/configs/validate",
    "libcontainer/criurpc",
    "libcontainer/keys",
    "libcontainer/label",
    "libcontainer/nsenter",
    "libcontainer/seccomp",
    "libcontainer/selinux",
    "libcontainer/stacktrace",
    "libcontainer/system",
    "libcontainer/user",
    "libcontainer/utils"
  ]
  revision = "04f275d4601ca7e5ff9460cec7f65e8dd15443ec"
  version = "v1.0.0-rc1"

[[projects]]
  name = "github.com/pelletier/go-toml"
  packages = ["."]
  revision = "acdc4509485b587f5e675510c4f2c63e90ff68a8"
  version = "v1.1.0"

[[projects]]
  name = "github.com/pkg/errors"
  packages = ["."]
  revision = "645ef00459ed84a119197bfb8d8205042c6df63d"
  version = "v0.8.0"

[[projects]]
  name = "github.com/rancher/sparse-tools"
  packages = ["sparse"]
  revision = "9cac891ad8a2029146df905ae09622eb1de8b19c"

[[projects]]
  branch = "master"
  name = "github.com/rnd42/go-jsonpointer"
  packages = ["."]
  revision = "0480215403db768c5bf6db30d82908043c58422c"

[[projects]]
  branch = "master"
  name = "github.com/sdboyer/constext"
  packages = ["."]
  revision = "836a144573533ea4da4e6929c235fd348aed1c80"

[[projects]]
  name = "github.com/seccomp/libseccomp-golang"
  packages = ["."]
  revision = "32f571b70023028bd57d9288c20efbcb237f3ce0"

[[projects]]
  branch = "master"
  name = "github.com/shinichy/go-wcwidth"
  packages = ["."]
  revision = "b202ee861e254aef9d2f53bc31cb9a2b0c7f1e4a"

[[projects]]
  name = "github.com/stevvooe/resumable"
  packages = [
    ".",
    "sha256",
    "sha512"
  ]
  revision = "51ad44105773cafcbe91927f70ac68e1bf78f8b4"

[[projects]]
  name = "github.com/syndtr/gocapability"
  packages = ["capability"]
  revision = "2c00daeb6c3b45114c80ac44119e7b8801fdd852"

[[projects]]
  name = "github.com/tchap/go-patricia"
  packages = ["patricia"]
  revision = "42daf53d2c20234572a4640ac642df046505562d"
  version = "v2.2.2"

[[projects]]
  branch = "master"
  name = "github.com/tent/canonical-json-go"
  packages = ["."]
  revision = "96e4ba3a7613a1216cbd1badca4efe382adea337"

[[projects]]
  name = "github.com/thoj/go-ircevent"
  packages = ["."]
  revision = "da78ed515c0f0833e7a92c7cc52898176198e2c1"

[[projects]]
  branch = "master"
  name = "github.com/tiborvass/uniline"
  packages = [
    ".",
    "ansi"
  ]
  revision = "b39ee5b151517d81a65c573157eedf76e8bc06dc"

[[projects]]
  branch = "master"
  name = "github.com/vanillahsu/go_reuseport"
  packages = ["."]
  revision = "087e013b0a0c193ca9b1bb21f453b74aa9b31138"

[[projects]]
  name = "github.com/vbatts/tar-split"
  packages = [
    "archive/tar",
    "tar/asm",
    "tar/storage"
  ]
  revision = "226f7c74905f1fcc08ac128b517a1d65a1948eb9"

[[projects]]
  name = "github.com/vishvananda/netlink"
  packages = [
    ".",
    "nl"
  ]
  revision = "1e045880fbc2f6703d3c771db56cfb0351208637"

[[projects]]
  name = "github.com/vishvananda/netns"
  packages = ["."]
  revision = "54f0e4339ce73702a0607f49922aaa1e749b418d"

[[projects]]
  name = "golang.org/x/crypto"
  packages = [
    "acme",
    "acme/autocert",
    "curve25519",
    "ed25519",
    "ed25519/internal/edwards25519",
    "nacl/secretbox",
    "pbkdf2",
    "poly1305",
    "salsa20/salsa",
    "scrypt",
    "ssh",
    "ssh/terminal"
  ]
  revision = "81372b2fc2f10bef2a7f338da115c315a56b2726"

[[projects]]
  name = "golang.org/x/net"
  packages = [
    "context",
    "context/ctxhttp",
    "http2",
    "http2/hpack",
    "idna",
    "internal/timeseries",
    "lex/httplex",
    "trace",
    "websocket"
  ]
  revision = "1c05540f6879653db88113bc4a2b70aec4bd491f"

[[projects]]
  name = "golang.org/x/oauth2"
  packages = [
    ".",
    "google",
    "internal",
    "jws",
    "jwt"
  ]
  revision = "1e695b1c8febf17aad3bfa7bf0a819ef94b98ad5"

[[projects]]
  name = "golang.org/x/sys"
  packages = ["unix"]
  revision = "442cd600860ce722f6615730eb008a37a87b13ee"

[[projects]]
  name = "golang.org/x/text"
  packages = [
    "internal/gen",
    "internal/triegen",
    "internal/ucd",
    "secure/bidirule",
    "transform",
    "unicode/bidi",
    "unicode/cldr",
    "unicode/norm",
    "unicode/rangetable"
  ]
  revision = "836efe42bb4aa16aaa17b9c155d8813d336ed720"

[[projects]]
  name = "google.golang.org/api"
  packages = [
    "gensupport",
    "googleapi",
    "googleapi/internal/uritemplates",
    "internal",
    "iterator",
    "option",
    "storage/v1",
    "transport"
  ]
  revision = "a69f0f19d246419bb931b0ac8f4f8d3f3e6d4feb"

[[projects]]
  name = "google.golang.org/appengine"
  packages = [
    ".",
    "internal",
    "internal/app_identity",
    "internal/base",
    "internal/datastore",
    "internal/log",
    "internal/modules",
    "internal/remote_api",
    "internal/socket",
    "internal/urlfetch",
    "socket",
    "urlfetch"
  ]
  revision = "4f7eeb5305a4ba1966344836ba4af9996b7b4e05"

[[projects]]
  name = "google.golang.org/grpc"
  packages = [
    ".",
    "codes",
    "credentials",
    "credentials/oauth",
    "grpclog",
    "internal",
    "metadata",
    "naming",
    "peer",
    "transport"
  ]
  revision = "3e1c91c1e0a72a34f68542bc029792b031835cbf"

[[projects]]
  branch = "v0"
  name = "gopkg.in/inconshreveable/go-update.v0"
  packages = [
    ".",
    "download"
  ]
  revision = "d8b0b1d421aa1cbf392c05869f8abbc669bb7066"

[[projects]]
  name = "gopkg.in/mgo.v2"
  packages = [
    ".",
    "bson",
    "internal/sasl",
    "internal/scram"
  ]
  revision = "29cc868a5ca65f401ff318143f9408d02f4799cc"

[[projects]]
  name = "gopkg.in/natefinch/lumberjack.v2"
  packages = ["."]
  revision = "600ceb4523e5b7ff745f91083c8a023c2bf73af5"

[[projects]]
  name = "gopkg.in/tomb.v1"
  packages = ["."]
  revision = "c131134a1947e9afd9cecfe11f4c6dff0732ae58"

[[projects]]
  name = "gopkg.in/yaml.v2"
  packages = ["."]
  revision = "a83829b6f1293c91addabc89d0571c246397bbf4"

[solve-meta]
  analyzer-name = "dep"
  analyzer-version = 1
  inputs-digest = "9beff3783cb63a8d55d30b805a11fb852d52b80d8af5739919e42bbbf8a9408e"
  solver-name = "gps-cdcl"
  solver-version = 1
